// !$*UTF8*$!
{
	archiveVersion = 1;
	classes = {
	};
	objectVersion = 55;
	objects = {

/* Begin PBXBuildFile section */
		F803CDB9277BA31100A0D02E /* Post.swift in Sources */ = {isa = PBXBuildFile; fileRef = F803CDB8277BA31100A0D02E /* Post.swift */; };
		F803CDC0277C36C300A0D02E /* PostCell.swift in Sources */ = {isa = PBXBuildFile; fileRef = F803CDBE277C36C300A0D02E /* PostCell.swift */; };
		F803CDC1277C36C300A0D02E /* PostCell.xib in Resources */ = {isa = PBXBuildFile; fileRef = F803CDBF277C36C300A0D02E /* PostCell.xib */; };
		F803CDC3277C52F900A0D02E /* PostViewController.swift in Sources */ = {isa = PBXBuildFile; fileRef = F803CDC2277C52F900A0D02E /* PostViewController.swift */; };
		F803CDC5277C533500A0D02E /* DetailsViewController.swift in Sources */ = {isa = PBXBuildFile; fileRef = F803CDC4277C533500A0D02E /* DetailsViewController.swift */; };
		F8967DFD2778975900893B39 /* Landingviewcontroller.swift in Sources */ = {isa = PBXBuildFile; fileRef = F8967DFC2778975900893B39 /* Landingviewcontroller.swift */; };
		F8967DFF2778996900893B39 /* RegisterViewController.swift in Sources */ = {isa = PBXBuildFile; fileRef = F8967DFE2778996900893B39 /* RegisterViewController.swift */; };
		F8967E0127789DEB00893B39 /* HomeViewController.swift in Sources */ = {isa = PBXBuildFile; fileRef = F8967E0027789DEB00893B39 /* HomeViewController.swift */; };
		F8967E0327789E2E00893B39 /* LoginViewController.swift in Sources */ = {isa = PBXBuildFile; fileRef = F8967E0227789E2E00893B39 /* LoginViewController.swift */; };
		F8967E072779E72100893B39 /* GoogleService-Info.plist in Resources */ = {isa = PBXBuildFile; fileRef = F8967E062779E72100893B39 /* GoogleService-Info.plist */; };
		F8967E0A2779E7BD00893B39 /* FirebaseAuth in Frameworks */ = {isa = PBXBuildFile; productRef = F8967E092779E7BD00893B39 /* FirebaseAuth */; };
		F8967E0C2779E7BD00893B39 /* FirebaseFirestore in Frameworks */ = {isa = PBXBuildFile; productRef = F8967E0B2779E7BD00893B39 /* FirebaseFirestore */; };
		F8967E0E2779E7BD00893B39 /* FirebaseStorage in Frameworks */ = {isa = PBXBuildFile; productRef = F8967E0D2779E7BD00893B39 /* FirebaseStorage */; };
		F8967E102779E9C800893B39 /* Imageview.swift in Sources */ = {isa = PBXBuildFile; fileRef = F8967E0F2779E9C800893B39 /* Imageview.swift */; };
		F8967E122779E9F300893B39 /* Activity.swift in Sources */ = {isa = PBXBuildFile; fileRef = F8967E112779E9F300893B39 /* Activity.swift */; };
		F8967E14277B317800893B39 /* User.swift in Sources */ = {isa = PBXBuildFile; fileRef = F8967E13277B317800893B39 /* User.swift */; };
		F8AB538A2774A22400603121 /* AppDelegate.swift in Sources */ = {isa = PBXBuildFile; fileRef = F8AB53892774A22400603121 /* AppDelegate.swift */; };
		F8AB538C2774A22400603121 /* SceneDelegate.swift in Sources */ = {isa = PBXBuildFile; fileRef = F8AB538B2774A22400603121 /* SceneDelegate.swift */; };
		F8AB53912774A22400603121 /* Main.storyboard in Resources */ = {isa = PBXBuildFile; fileRef = F8AB538F2774A22400603121 /* Main.storyboard */; };
		F8AB53932774A22900603121 /* Assets.xcassets in Resources */ = {isa = PBXBuildFile; fileRef = F8AB53922774A22900603121 /* Assets.xcassets */; };
		F8AB53962774A22900603121 /* LaunchScreen.storyboard in Resources */ = {isa = PBXBuildFile; fileRef = F8AB53942774A22900603121 /* LaunchScreen.storyboard */; };
		F8AB53A12774A22900603121 /* AmbassadorTests.swift in Sources */ = {isa = PBXBuildFile; fileRef = F8AB53A02774A22900603121 /* AmbassadorTests.swift */; };
		F8AB53AB2774A22900603121 /* AmbassadorUITests.swift in Sources */ = {isa = PBXBuildFile; fileRef = F8AB53AA2774A22900603121 /* AmbassadorUITests.swift */; };
		F8AB53AD2774A22900603121 /* AmbassadorUITestsLaunchTests.swift in Sources */ = {isa = PBXBuildFile; fileRef = F8AB53AC2774A22900603121 /* AmbassadorUITestsLaunchTests.swift */; };
/* End PBXBuildFile section */

/* Begin PBXContainerItemProxy section */
		F8AB539D2774A22900603121 /* PBXContainerItemProxy */ = {
			isa = PBXContainerItemProxy;
			containerPortal = F8AB537E2774A22400603121 /* Project object */;
			proxyType = 1;
			remoteGlobalIDString = F8AB53852774A22400603121;
			remoteInfo = Ambassador;
		};
		F8AB53A72774A22900603121 /* PBXContainerItemProxy */ = {
			isa = PBXContainerItemProxy;
			containerPortal = F8AB537E2774A22400603121 /* Project object */;
			proxyType = 1;
			remoteGlobalIDString = F8AB53852774A22400603121;
			remoteInfo = Ambassador;
		};
/* End PBXContainerItemProxy section */

/* Begin PBXFileReference section */
		F803CDB8277BA31100A0D02E /* Post.swift */ = {isa = PBXFileReference; lastKnownFileType = sourcecode.swift; path = Post.swift; sourceTree = "<group>"; };
		F803CDBE277C36C300A0D02E /* PostCell.swift */ = {isa = PBXFileReference; lastKnownFileType = sourcecode.swift; path = PostCell.swift; sourceTree = "<group>"; };
		F803CDBF277C36C300A0D02E /* PostCell.xib */ = {isa = PBXFileReference; lastKnownFileType = file.xib; path = PostCell.xib; sourceTree = "<group>"; };
		F803CDC2277C52F900A0D02E /* PostViewController.swift */ = {isa = PBXFileReference; lastKnownFileType = sourcecode.swift; path = PostViewController.swift; sourceTree = "<group>"; };
		F803CDC4277C533500A0D02E /* DetailsViewController.swift */ = {isa = PBXFileReference; lastKnownFileType = sourcecode.swift; path = DetailsViewController.swift; sourceTree = "<group>"; };
		F8967DFC2778975900893B39 /* Landingviewcontroller.swift */ = {isa = PBXFileReference; lastKnownFileType = sourcecode.swift; path = Landingviewcontroller.swift; sourceTree = "<group>"; };
		F8967DFE2778996900893B39 /* RegisterViewController.swift */ = {isa = PBXFileReference; lastKnownFileType = sourcecode.swift; path = RegisterViewController.swift; sourceTree = "<group>"; };
		F8967E0027789DEB00893B39 /* HomeViewController.swift */ = {isa = PBXFileReference; lastKnownFileType = sourcecode.swift; path = HomeViewController.swift; sourceTree = "<group>"; };
		F8967E0227789E2E00893B39 /* LoginViewController.swift */ = {isa = PBXFileReference; lastKnownFileType = sourcecode.swift; path = LoginViewController.swift; sourceTree = "<group>"; };
		F8967E062779E72100893B39 /* GoogleService-Info.plist */ = {isa = PBXFileReference; fileEncoding = 4; lastKnownFileType = text.plist.xml; path = "GoogleService-Info.plist"; sourceTree = "<group>"; };
		F8967E0F2779E9C800893B39 /* Imageview.swift */ = {isa = PBXFileReference; lastKnownFileType = sourcecode.swift; path = Imageview.swift; sourceTree = "<group>"; };
		F8967E112779E9F300893B39 /* Activity.swift */ = {isa = PBXFileReference; lastKnownFileType = sourcecode.swift; path = Activity.swift; sourceTree = "<group>"; };
		F8967E13277B317800893B39 /* User.swift */ = {isa = PBXFileReference; lastKnownFileType = sourcecode.swift; path = User.swift; sourceTree = "<group>"; };
		F8AB53862774A22400603121 /* Ambassador.app */ = {isa = PBXFileReference; explicitFileType = wrapper.application; includeInIndex = 0; path = Ambassador.app; sourceTree = BUILT_PRODUCTS_DIR; };
		F8AB53892774A22400603121 /* AppDelegate.swift */ = {isa = PBXFileReference; lastKnownFileType = sourcecode.swift; path = AppDelegate.swift; sourceTree = "<group>"; };
		F8AB538B2774A22400603121 /* SceneDelegate.swift */ = {isa = PBXFileReference; lastKnownFileType = sourcecode.swift; path = SceneDelegate.swift; sourceTree = "<group>"; };
		F8AB53902774A22400603121 /* Base */ = {isa = PBXFileReference; lastKnownFileType = file.storyboard; name = Base; path = Base.lproj/Main.storyboard; sourceTree = "<group>"; };
		F8AB53922774A22900603121 /* Assets.xcassets */ = {isa = PBXFileReference; lastKnownFileType = folder.assetcatalog; path = Assets.xcassets; sourceTree = "<group>"; };
		F8AB53952774A22900603121 /* Base */ = {isa = PBXFileReference; lastKnownFileType = file.storyboard; name = Base; path = Base.lproj/LaunchScreen.storyboard; sourceTree = "<group>"; };
		F8AB53972774A22900603121 /* Info.plist */ = {isa = PBXFileReference; lastKnownFileType = text.plist.xml; path = Info.plist; sourceTree = "<group>"; };
		F8AB539C2774A22900603121 /* AmbassadorTests.xctest */ = {isa = PBXFileReference; explicitFileType = wrapper.cfbundle; includeInIndex = 0; path = AmbassadorTests.xctest; sourceTree = BUILT_PRODUCTS_DIR; };
		F8AB53A02774A22900603121 /* AmbassadorTests.swift */ = {isa = PBXFileReference; lastKnownFileType = sourcecode.swift; path = AmbassadorTests.swift; sourceTree = "<group>"; };
		F8AB53A62774A22900603121 /* AmbassadorUITests.xctest */ = {isa = PBXFileReference; explicitFileType = wrapper.cfbundle; includeInIndex = 0; path = AmbassadorUITests.xctest; sourceTree = BUILT_PRODUCTS_DIR; };
		F8AB53AA2774A22900603121 /* AmbassadorUITests.swift */ = {isa = PBXFileReference; lastKnownFileType = sourcecode.swift; path = AmbassadorUITests.swift; sourceTree = "<group>"; };
		F8AB53AC2774A22900603121 /* AmbassadorUITestsLaunchTests.swift */ = {isa = PBXFileReference; lastKnownFileType = sourcecode.swift; path = AmbassadorUITestsLaunchTests.swift; sourceTree = "<group>"; };
/* End PBXFileReference section */

/* Begin PBXFrameworksBuildPhase section */
		F8AB53832774A22400603121 /* Frameworks */ = {
			isa = PBXFrameworksBuildPhase;
			buildActionMask = 2147483647;
			files = (
				F8967E0A2779E7BD00893B39 /* FirebaseAuth in Frameworks */,
				F8967E0C2779E7BD00893B39 /* FirebaseFirestore in Frameworks */,
				F8967E0E2779E7BD00893B39 /* FirebaseStorage in Frameworks */,
			);
			runOnlyForDeploymentPostprocessing = 0;
		};
		F8AB53992774A22900603121 /* Frameworks */ = {
			isa = PBXFrameworksBuildPhase;
			buildActionMask = 2147483647;
			files = (
			);
			runOnlyForDeploymentPostprocessing = 0;
		};
		F8AB53A32774A22900603121 /* Frameworks */ = {
			isa = PBXFrameworksBuildPhase;
			buildActionMask = 2147483647;
			files = (
			);
			runOnlyForDeploymentPostprocessing = 0;
		};
/* End PBXFrameworksBuildPhase section */

/* Begin PBXGroup section */
		F81A3D3E277C976200032AAA /* Modle */ = {
			isa = PBXGroup;
			children = (
				F8967E13277B317800893B39 /* User.swift */,
				F803CDB8277BA31100A0D02E /* Post.swift */,
			);
			path = Modle;
			sourceTree = "<group>";
		};
		F81A3D3F277C977D00032AAA /* View */ = {
			isa = PBXGroup;
			children = (
				F8AB538F2774A22400603121 /* Main.storyboard */,
				F803CDBE277C36C300A0D02E /* PostCell.swift */,
				F803CDBF277C36C300A0D02E /* PostCell.xib */,
			);
			path = View;
			sourceTree = "<group>";
		};
		F81A3D40277C978B00032AAA /* Controller */ = {
			isa = PBXGroup;
			children = (
				F8967DFC2778975900893B39 /* Landingviewcontroller.swift */,
				F8967E0227789E2E00893B39 /* LoginViewController.swift */,
				F803CDC4277C533500A0D02E /* DetailsViewController.swift */,
				F8967DFE2778996900893B39 /* RegisterViewController.swift */,
				F803CDC2277C52F900A0D02E /* PostViewController.swift */,
				F8967E0027789DEB00893B39 /* HomeViewController.swift */,
			);
			path = Controller;
			sourceTree = "<group>";
		};
		F81A3D41277C984A00032AAA /* Utill */ = {
			isa = PBXGroup;
			children = (
				F8967E112779E9F300893B39 /* Activity.swift */,
				F8967E0F2779E9C800893B39 /* Imageview.swift */,
			);
			path = Utill;
			sourceTree = "<group>";
		};
		F8AB537D2774A22400603121 = {
			isa = PBXGroup;
			children = (
				F81A3D3E277C976200032AAA /* Modle */,
				F81A3D3F277C977D00032AAA /* View */,
				F81A3D40277C978B00032AAA /* Controller */,
				F8AB53882774A22400603121 /* Ambassador */,
				F8AB539F2774A22900603121 /* AmbassadorTests */,
				F8AB53A92774A22900603121 /* AmbassadorUITests */,
				F8AB53872774A22400603121 /* Products */,
			);
			sourceTree = "<group>";
		};
		F8AB53872774A22400603121 /* Products */ = {
			isa = PBXGroup;
			children = (
				F8AB53862774A22400603121 /* Ambassador.app */,
				F8AB539C2774A22900603121 /* AmbassadorTests.xctest */,
				F8AB53A62774A22900603121 /* AmbassadorUITests.xctest */,
			);
			name = Products;
			sourceTree = "<group>";
		};
		F8AB53882774A22400603121 /* Ambassador */ = {
			isa = PBXGroup;
			children = (
				F81A3D41277C984A00032AAA /* Utill */,
				F8AB53892774A22400603121 /* AppDelegate.swift */,
				F8AB538B2774A22400603121 /* SceneDelegate.swift */,
				F8AB53922774A22900603121 /* Assets.xcassets */,
				F8AB53942774A22900603121 /* LaunchScreen.storyboard */,
				F8AB53972774A22900603121 /* Info.plist */,
				F8967E062779E72100893B39 /* GoogleService-Info.plist */,
			);
			path = Ambassador;
			sourceTree = "<group>";
		};
		F8AB539F2774A22900603121 /* AmbassadorTests */ = {
			isa = PBXGroup;
			children = (
				F8AB53A02774A22900603121 /* AmbassadorTests.swift */,
			);
			path = AmbassadorTests;
			sourceTree = "<group>";
		};
		F8AB53A92774A22900603121 /* AmbassadorUITests */ = {
			isa = PBXGroup;
			children = (
				F8AB53AA2774A22900603121 /* AmbassadorUITests.swift */,
				F8AB53AC2774A22900603121 /* AmbassadorUITestsLaunchTests.swift */,
			);
			path = AmbassadorUITests;
			sourceTree = "<group>";
		};
/* End PBXGroup section */

/* Begin PBXNativeTarget section */
		F8AB53852774A22400603121 /* Ambassador */ = {
			isa = PBXNativeTarget;
			buildConfigurationList = F8AB53B02774A22900603121 /* Build configuration list for PBXNativeTarget "Ambassador" */;
			buildPhases = (
				F8AB53822774A22400603121 /* Sources */,
				F8AB53832774A22400603121 /* Frameworks */,
				F8AB53842774A22400603121 /* Resources */,
			);
			buildRules = (
			);
			dependencies = (
			);
			name = Ambassador;
			packageProductDependencies = (
				F8967E092779E7BD00893B39 /* FirebaseAuth */,
				F8967E0B2779E7BD00893B39 /* FirebaseFirestore */,
				F8967E0D2779E7BD00893B39 /* FirebaseStorage */,
			);
			productName = Ambassador;
			productReference = F8AB53862774A22400603121 /* Ambassador.app */;
			productType = "com.apple.product-type.application";
		};
		F8AB539B2774A22900603121 /* AmbassadorTests */ = {
			isa = PBXNativeTarget;
			buildConfigurationList = F8AB53B32774A22900603121 /* Build configuration list for PBXNativeTarget "AmbassadorTests" */;
			buildPhases = (
				F8AB53982774A22900603121 /* Sources */,
				F8AB53992774A22900603121 /* Frameworks */,
				F8AB539A2774A22900603121 /* Resources */,
			);
			buildRules = (
			);
			dependencies = (
				F8AB539E2774A22900603121 /* PBXTargetDependency */,
			);
			name = AmbassadorTests;
			productName = AmbassadorTests;
			productReference = F8AB539C2774A22900603121 /* AmbassadorTests.xctest */;
			productType = "com.apple.product-type.bundle.unit-test";
		};
		F8AB53A52774A22900603121 /* AmbassadorUITests */ = {
			isa = PBXNativeTarget;
			buildConfigurationList = F8AB53B62774A22900603121 /* Build configuration list for PBXNativeTarget "AmbassadorUITests" */;
			buildPhases = (
				F8AB53A22774A22900603121 /* Sources */,
				F8AB53A32774A22900603121 /* Frameworks */,
				F8AB53A42774A22900603121 /* Resources */,
			);
			buildRules = (
			);
			dependencies = (
				F8AB53A82774A22900603121 /* PBXTargetDependency */,
			);
			name = AmbassadorUITests;
			productName = AmbassadorUITests;
			productReference = F8AB53A62774A22900603121 /* AmbassadorUITests.xctest */;
			productType = "com.apple.product-type.bundle.ui-testing";
		};
/* End PBXNativeTarget section */

/* Begin PBXProject section */
		F8AB537E2774A22400603121 /* Project object */ = {
			isa = PBXProject;
			attributes = {
				BuildIndependentTargetsInParallel = 1;
				LastSwiftUpdateCheck = 1300;
				LastUpgradeCheck = 1300;
				TargetAttributes = {
					F8AB53852774A22400603121 = {
						CreatedOnToolsVersion = 13.0;
					};
					F8AB539B2774A22900603121 = {
						CreatedOnToolsVersion = 13.0;
						TestTargetID = F8AB53852774A22400603121;
					};
					F8AB53A52774A22900603121 = {
						CreatedOnToolsVersion = 13.0;
						TestTargetID = F8AB53852774A22400603121;
					};
				};
			};
			buildConfigurationList = F8AB53812774A22400603121 /* Build configuration list for PBXProject "Ambassador" */;
			compatibilityVersion = "Xcode 13.0";
			developmentRegion = en;
			hasScannedForEncodings = 0;
			knownRegions = (
				en,
				Base,
			);
			mainGroup = F8AB537D2774A22400603121;
			packageReferences = (
				F8967E082779E7BD00893B39 /* XCRemoteSwiftPackageReference "firebase-ios-sdk" */,
			);
			productRefGroup = F8AB53872774A22400603121 /* Products */;
			projectDirPath = "";
			projectRoot = "";
			targets = (
				F8AB53852774A22400603121 /* Ambassador */,
				F8AB539B2774A22900603121 /* AmbassadorTests */,
				F8AB53A52774A22900603121 /* AmbassadorUITests */,
			);
		};
/* End PBXProject section */

/* Begin PBXResourcesBuildPhase section */
		F8AB53842774A22400603121 /* Resources */ = {
			isa = PBXResourcesBuildPhase;
			buildActionMask = 2147483647;
			files = (
				F8AB53962774A22900603121 /* LaunchScreen.storyboard in Resources */,
				F8AB53932774A22900603121 /* Assets.xcassets in Resources */,
				F803CDC1277C36C300A0D02E /* PostCell.xib in Resources */,
				F8AB53912774A22400603121 /* Main.storyboard in Resources */,
				F8967E072779E72100893B39 /* GoogleService-Info.plist in Resources */,
			);
			runOnlyForDeploymentPostprocessing = 0;
		};
		F8AB539A2774A22900603121 /* Resources */ = {
			isa = PBXResourcesBuildPhase;
			buildActionMask = 2147483647;
			files = (
			);
			runOnlyForDeploymentPostprocessing = 0;
		};
		F8AB53A42774A22900603121 /* Resources */ = {
			isa = PBXResourcesBuildPhase;
			buildActionMask = 2147483647;
			files = (
			);
			runOnlyForDeploymentPostprocessing = 0;
		};
/* End PBXResourcesBuildPhase section */

/* Begin PBXSourcesBuildPhase section */
		F8AB53822774A22400603121 /* Sources */ = {
			isa = PBXSourcesBuildPhase;
			buildActionMask = 2147483647;
			files = (
				F8967E102779E9C800893B39 /* Imageview.swift in Sources */,
				F8967E0327789E2E00893B39 /* LoginViewController.swift in Sources */,
				F803CDC3277C52F900A0D02E /* PostViewController.swift in Sources */,
				F803CDC0277C36C300A0D02E /* PostCell.swift in Sources */,
				F803CDB9277BA31100A0D02E /* Post.swift in Sources */,
				F8967DFF2778996900893B39 /* RegisterViewController.swift in Sources */,
				F8AB538A2774A22400603121 /* AppDelegate.swift in Sources */,
				F8967DFD2778975900893B39 /* Landingviewcontroller.swift in Sources */,
				F8967E122779E9F300893B39 /* Activity.swift in Sources */,
				F8AB538C2774A22400603121 /* SceneDelegate.swift in Sources */,
				F8967E14277B317800893B39 /* User.swift in Sources */,
				F8967E0127789DEB00893B39 /* HomeViewController.swift in Sources */,
				F803CDC5277C533500A0D02E /* DetailsViewController.swift in Sources */,
			);
			runOnlyForDeploymentPostprocessing = 0;
		};
		F8AB53982774A22900603121 /* Sources */ = {
			isa = PBXSourcesBuildPhase;
			buildActionMask = 2147483647;
			files = (
				F8AB53A12774A22900603121 /* AmbassadorTests.swift in Sources */,
			);
			runOnlyForDeploymentPostprocessing = 0;
		};
		F8AB53A22774A22900603121 /* Sources */ = {
			isa = PBXSourcesBuildPhase;
			buildActionMask = 2147483647;
			files = (
				F8AB53AB2774A22900603121 /* AmbassadorUITests.swift in Sources */,
				F8AB53AD2774A22900603121 /* AmbassadorUITestsLaunchTests.swift in Sources */,
			);
			runOnlyForDeploymentPostprocessing = 0;
		};
/* End PBXSourcesBuildPhase section */

/* Begin PBXTargetDependency section */
		F8AB539E2774A22900603121 /* PBXTargetDependency */ = {
			isa = PBXTargetDependency;
			target = F8AB53852774A22400603121 /* Ambassador */;
			targetProxy = F8AB539D2774A22900603121 /* PBXContainerItemProxy */;
		};
		F8AB53A82774A22900603121 /* PBXTargetDependency */ = {
			isa = PBXTargetDependency;
			target = F8AB53852774A22400603121 /* Ambassador */;
			targetProxy = F8AB53A72774A22900603121 /* PBXContainerItemProxy */;
		};
/* End PBXTargetDependency section */

/* Begin PBXVariantGroup section */
		F8AB538F2774A22400603121 /* Main.storyboard */ = {
			isa = PBXVariantGroup;
			children = (
				F8AB53902774A22400603121 /* Base */,
			);
			name = Main.storyboard;
			sourceTree = "<group>";
		};
		F8AB53942774A22900603121 /* LaunchScreen.storyboard */ = {
			isa = PBXVariantGroup;
			children = (
				F8AB53952774A22900603121 /* Base */,
			);
			name = LaunchScreen.storyboard;
			sourceTree = "<group>";
		};
/* End PBXVariantGroup section */

/* Begin XCBuildConfiguration section */
		F8AB53AE2774A22900603121 /* Debug */ = {
			isa = XCBuildConfiguration;
			buildSettings = {
				ALWAYS_SEARCH_USER_PATHS = NO;
				CLANG_ANALYZER_NONNULL = YES;
				CLANG_ANALYZER_NUMBER_OBJECT_CONVERSION = YES_AGGRESSIVE;
				CLANG_CXX_LANGUAGE_STANDARD = "gnu++17";
				CLANG_CXX_LIBRARY = "libc++";
				CLANG_ENABLE_MODULES = YES;
				CLANG_ENABLE_OBJC_ARC = YES;
				CLANG_ENABLE_OBJC_WEAK = YES;
				CLANG_WARN_BLOCK_CAPTURE_AUTORELEASING = YES;
				CLANG_WARN_BOOL_CONVERSION = YES;
				CLANG_WARN_COMMA = YES;
				CLANG_WARN_CONSTANT_CONVERSION = YES;
				CLANG_WARN_DEPRECATED_OBJC_IMPLEMENTATIONS = YES;
				CLANG_WARN_DIRECT_OBJC_ISA_USAGE = YES_ERROR;
				CLANG_WARN_DOCUMENTATION_COMMENTS = YES;
				CLANG_WARN_EMPTY_BODY = YES;
				CLANG_WARN_ENUM_CONVERSION = YES;
				CLANG_WARN_INFINITE_RECURSION = YES;
				CLANG_WARN_INT_CONVERSION = YES;
				CLANG_WARN_NON_LITERAL_NULL_CONVERSION = YES;
				CLANG_WARN_OBJC_IMPLICIT_RETAIN_SELF = YES;
				CLANG_WARN_OBJC_LITERAL_CONVERSION = YES;
				CLANG_WARN_OBJC_ROOT_CLASS = YES_ERROR;
				CLANG_WARN_QUOTED_INCLUDE_IN_FRAMEWORK_HEADER = YES;
				CLANG_WARN_RANGE_LOOP_ANALYSIS = YES;
				CLANG_WARN_STRICT_PROTOTYPES = YES;
				CLANG_WARN_SUSPICIOUS_MOVE = YES;
				CLANG_WARN_UNGUARDED_AVAILABILITY = YES_AGGRESSIVE;
				CLANG_WARN_UNREACHABLE_CODE = YES;
				CLANG_WARN__DUPLICATE_METHOD_MATCH = YES;
				COPY_PHASE_STRIP = NO;
				DEBUG_INFORMATION_FORMAT = dwarf;
				ENABLE_STRICT_OBJC_MSGSEND = YES;
				ENABLE_TESTABILITY = YES;
				GCC_C_LANGUAGE_STANDARD = gnu11;
				GCC_DYNAMIC_NO_PIC = NO;
				GCC_NO_COMMON_BLOCKS = YES;
				GCC_OPTIMIZATION_LEVEL = 0;
				GCC_PREPROCESSOR_DEFINITIONS = (
					"DEBUG=1",
					"$(inherited)",
				);
				GCC_WARN_64_TO_32_BIT_CONVERSION = YES;
				GCC_WARN_ABOUT_RETURN_TYPE = YES_ERROR;
				GCC_WARN_UNDECLARED_SELECTOR = YES;
				GCC_WARN_UNINITIALIZED_AUTOS = YES_AGGRESSIVE;
				GCC_WARN_UNUSED_FUNCTION = YES;
				GCC_WARN_UNUSED_VARIABLE = YES;
				IPHONEOS_DEPLOYMENT_TARGET = 15.0;
				MTL_ENABLE_DEBUG_INFO = INCLUDE_SOURCE;
				MTL_FAST_MATH = YES;
				ONLY_ACTIVE_ARCH = YES;
				SDKROOT = iphoneos;
				SWIFT_ACTIVE_COMPILATION_CONDITIONS = DEBUG;
				SWIFT_OPTIMIZATION_LEVEL = "-Onone";
			};
			name = Debug;
		};
		F8AB53AF2774A22900603121 /* Release */ = {
			isa = XCBuildConfiguration;
			buildSettings = {
				ALWAYS_SEARCH_USER_PATHS = NO;
				CLANG_ANALYZER_NONNULL = YES;
				CLANG_ANALYZER_NUMBER_OBJECT_CONVERSION = YES_AGGRESSIVE;
				CLANG_CXX_LANGUAGE_STANDARD = "gnu++17";
				CLANG_CXX_LIBRARY = "libc++";
				CLANG_ENABLE_MODULES = YES;
				CLANG_ENABLE_OBJC_ARC = YES;
				CLANG_ENABLE_OBJC_WEAK = YES;
				CLANG_WARN_BLOCK_CAPTURE_AUTORELEASING = YES;
				CLANG_WARN_BOOL_CONVERSION = YES;
				CLANG_WARN_COMMA = YES;
				CLANG_WARN_CONSTANT_CONVERSION = YES;
				CLANG_WARN_DEPRECATED_OBJC_IMPLEMENTATIONS = YES;
				CLANG_WARN_DIRECT_OBJC_ISA_USAGE = YES_ERROR;
				CLANG_WARN_DOCUMENTATION_COMMENTS = YES;
				CLANG_WARN_EMPTY_BODY = YES;
				CLANG_WARN_ENUM_CONVERSION = YES;
				CLANG_WARN_INFINITE_RECURSION = YES;
				CLANG_WARN_INT_CONVERSION = YES;
				CLANG_WARN_NON_LITERAL_NULL_CONVERSION = YES;
				CLANG_WARN_OBJC_IMPLICIT_RETAIN_SELF = YES;
				CLANG_WARN_OBJC_LITERAL_CONVERSION = YES;
				CLANG_WARN_OBJC_ROOT_CLASS = YES_ERROR;
				CLANG_WARN_QUOTED_INCLUDE_IN_FRAMEWORK_HEADER = YES;
				CLANG_WARN_RANGE_LOOP_ANALYSIS = YES;
				CLANG_WARN_STRICT_PROTOTYPES = YES;
				CLANG_WARN_SUSPICIOUS_MOVE = YES;
				CLANG_WARN_UNGUARDED_AVAILABILITY = YES_AGGRESSIVE;
				CLANG_WARN_UNREACHABLE_CODE = YES;
				CLANG_WARN__DUPLICATE_METHOD_MATCH = YES;
				COPY_PHASE_STRIP = NO;
				DEBUG_INFORMATION_FORMAT = "dwarf-with-dsym";
				ENABLE_NS_ASSERTIONS = NO;
				ENABLE_STRICT_OBJC_MSGSEND = YES;
				GCC_C_LANGUAGE_STANDARD = gnu11;
				GCC_NO_COMMON_BLOCKS = YES;
				GCC_WARN_64_TO_32_BIT_CONVERSION = YES;
				GCC_WARN_ABOUT_RETURN_TYPE = YES_ERROR;
				GCC_WARN_UNDECLARED_SELECTOR = YES;
				GCC_WARN_UNINITIALIZED_AUTOS = YES_AGGRESSIVE;
				GCC_WARN_UNUSED_FUNCTION = YES;
				GCC_WARN_UNUSED_VARIABLE = YES;
				IPHONEOS_DEPLOYMENT_TARGET = 15.0;
				MTL_ENABLE_DEBUG_INFO = NO;
				MTL_FAST_MATH = YES;
				SDKROOT = iphoneos;
				SWIFT_COMPILATION_MODE = wholemodule;
				SWIFT_OPTIMIZATION_LEVEL = "-O";
				VALIDATE_PRODUCT = YES;
			};
			name = Release;
		};
		F8AB53B12774A22900603121 /* Debug */ = {
			isa = XCBuildConfiguration;
			buildSettings = {
				ASSETCATALOG_COMPILER_APPICON_NAME = AppIcon;
				ASSETCATALOG_COMPILER_GLOBAL_ACCENT_COLOR_NAME = AccentColor;
				CODE_SIGN_STYLE = Automatic;
				CURRENT_PROJECT_VERSION = 1;
				GENERATE_INFOPLIST_FILE = YES;
				INFOPLIST_FILE = Ambassador/Info.plist;
				INFOPLIST_KEY_UIApplicationSupportsIndirectInputEvents = YES;
				INFOPLIST_KEY_UILaunchStoryboardName = LaunchScreen;
				INFOPLIST_KEY_UIMainStoryboardFile = Main;
				INFOPLIST_KEY_UISupportedInterfaceOrientations_iPad = "UIInterfaceOrientationPortrait UIInterfaceOrientationPortraitUpsideDown UIInterfaceOrientationLandscapeLeft UIInterfaceOrientationLandscapeRight";
				INFOPLIST_KEY_UISupportedInterfaceOrientations_iPhone = "UIInterfaceOrientationPortrait UIInterfaceOrientationLandscapeLeft UIInterfaceOrientationLandscapeRight";
				LD_RUNPATH_SEARCH_PATHS = (
					"$(inherited)",
					"@executable_path/Frameworks",
				);
				MARKETING_VERSION = 1.0;
				PRODUCT_BUNDLE_IDENTIFIER = Zhoor.com.Ambassador;
				PRODUCT_NAME = "$(TARGET_NAME)";
				SWIFT_EMIT_LOC_STRINGS = YES;
				SWIFT_VERSION = 5.0;
				TARGETED_DEVICE_FAMILY = "1,2";
			};
			name = Debug;
		};
		F8AB53B22774A22900603121 /* Release */ = {
			isa = XCBuildConfiguration;
			buildSettings = {
				ASSETCATALOG_COMPILER_APPICON_NAME = AppIcon;
				ASSETCATALOG_COMPILER_GLOBAL_ACCENT_COLOR_NAME = AccentColor;
				CODE_SIGN_STYLE = Automatic;
				CURRENT_PROJECT_VERSION = 1;
				GENERATE_INFOPLIST_FILE = YES;
				INFOPLIST_FILE = Ambassador/Info.plist;
				INFOPLIST_KEY_UIApplicationSupportsIndirectInputEvents = YES;
				INFOPLIST_KEY_UILaunchStoryboardName = LaunchScreen;
				INFOPLIST_KEY_UIMainStoryboardFile = Main;
				INFOPLIST_KEY_UISupportedInterfaceOrientations_iPad = "UIInterfaceOrientationPortrait UIInterfaceOrientationPortraitUpsideDown UIInterfaceOrientationLandscapeLeft UIInterfaceOrientationLandscapeRight";
				INFOPLIST_KEY_UISupportedInterfaceOrientations_iPhone = "UIInterfaceOrientationPortrait UIInterfaceOrientationLandscapeLeft UIInterfaceOrientationLandscapeRight";
				LD_RUNPATH_SEARCH_PATHS = (
					"$(inherited)",
					"@executable_path/Frameworks",
				);
				MARKETING_VERSION = 1.0;
				PRODUCT_BUNDLE_IDENTIFIER = Zhoor.com.Ambassador;
				PRODUCT_NAME = "$(TARGET_NAME)";
				SWIFT_EMIT_LOC_STRINGS = YES;
				SWIFT_VERSION = 5.0;
				TARGETED_DEVICE_FAMILY = "1,2";
			};
			name = Release;
		};
		F8AB53B42774A22900603121 /* Debug */ = {
			isa = XCBuildConfiguration;
			buildSettings = {
				ALWAYS_EMBED_SWIFT_STANDARD_LIBRARIES = YES;
				BUNDLE_LOADER = "$(TEST_HOST)";
				CODE_SIGN_STYLE = Automatic;
				CURRENT_PROJECT_VERSION = 1;
				GENERATE_INFOPLIST_FILE = YES;
				IPHONEOS_DEPLOYMENT_TARGET = 15.0;
				LD_RUNPATH_SEARCH_PATHS = (
					"$(inherited)",
					"@executable_path/Frameworks",
					"@loader_path/Frameworks",
				);
				MARKETING_VERSION = 1.0;
				PRODUCT_BUNDLE_IDENTIFIER = Zhoor.com.AmbassadorTests;
				PRODUCT_NAME = "$(TARGET_NAME)";
				SWIFT_EMIT_LOC_STRINGS = NO;
				SWIFT_VERSION = 5.0;
				TARGETED_DEVICE_FAMILY = "1,2";
				TEST_HOST = "$(BUILT_PRODUCTS_DIR)/Ambassador.app/Ambassador";
			};
			name = Debug;
		};
		F8AB53B52774A22900603121 /* Release */ = {
			isa = XCBuildConfiguration;
			buildSettings = {
				ALWAYS_EMBED_SWIFT_STANDARD_LIBRARIES = YES;
				BUNDLE_LOADER = "$(TEST_HOST)";
				CODE_SIGN_STYLE = Automatic;
				CURRENT_PROJECT_VERSION = 1;
				GENERATE_INFOPLIST_FILE = YES;
				IPHONEOS_DEPLOYMENT_TARGET = 15.0;
				LD_RUNPATH_SEARCH_PATHS = (
					"$(inherited)",
					"@executable_path/Frameworks",
					"@loader_path/Frameworks",
				);
				MARKETING_VERSION = 1.0;
				PRODUCT_BUNDLE_IDENTIFIER = Zhoor.com.AmbassadorTests;
				PRODUCT_NAME = "$(TARGET_NAME)";
				SWIFT_EMIT_LOC_STRINGS = NO;
				SWIFT_VERSION = 5.0;
				TARGETED_DEVICE_FAMILY = "1,2";
				TEST_HOST = "$(BUILT_PRODUCTS_DIR)/Ambassador.app/Ambassador";
			};
			name = Release;
		};
		F8AB53B72774A22900603121 /* Debug */ = {
			isa = XCBuildConfiguration;
			buildSettings = {
				ALWAYS_EMBED_SWIFT_STANDARD_LIBRARIES = YES;
				CODE_SIGN_STYLE = Automatic;
				CURRENT_PROJECT_VERSION = 1;
				GENERATE_INFOPLIST_FILE = YES;
				LD_RUNPATH_SEARCH_PATHS = (
					"$(inherited)",
					"@executable_path/Frameworks",
					"@loader_path/Frameworks",
				);
				MARKETING_VERSION = 1.0;
				PRODUCT_BUNDLE_IDENTIFIER = Zhoor.com.AmbassadorUITests;
				PRODUCT_NAME = "$(TARGET_NAME)";
				SWIFT_EMIT_LOC_STRINGS = NO;
				SWIFT_VERSION = 5.0;
				TARGETED_DEVICE_FAMILY = "1,2";
				TEST_TARGET_NAME = Ambassador;
			};
			name = Debug;
		};
		F8AB53B82774A22900603121 /* Release */ = {
			isa = XCBuildConfiguration;
			buildSettings = {
				ALWAYS_EMBED_SWIFT_STANDARD_LIBRARIES = YES;
				CODE_SIGN_STYLE = Automatic;
				CURRENT_PROJECT_VERSION = 1;
				GENERATE_INFOPLIST_FILE = YES;
				LD_RUNPATH_SEARCH_PATHS = (
					"$(inherited)",
					"@executable_path/Frameworks",
					"@loader_path/Frameworks",
				);
				MARKETING_VERSION = 1.0;
				PRODUCT_BUNDLE_IDENTIFIER = Zhoor.com.AmbassadorUITests;
				PRODUCT_NAME = "$(TARGET_NAME)";
				SWIFT_EMIT_LOC_STRINGS = NO;
				SWIFT_VERSION = 5.0;
				TARGETED_DEVICE_FAMILY = "1,2";
				TEST_TARGET_NAME = Ambassador;
			};
			name = Release;
		};
/* End XCBuildConfiguration section */

/* Begin XCConfigurationList section */
		F8AB53812774A22400603121 /* Build configuration list for PBXProject "Ambassador" */ = {
			isa = XCConfigurationList;
			buildConfigurations = (
				F8AB53AE2774A22900603121 /* Debug */,
				F8AB53AF2774A22900603121 /* Release */,
			);
			defaultConfigurationIsVisible = 0;
			defaultConfigurationName = Release;
		};
		F8AB53B02774A22900603121 /* Build configuration list for PBXNativeTarget "Ambassador" */ = {
			isa = XCConfigurationList;
			buildConfigurations = (
				F8AB53B12774A22900603121 /* Debug */,
				F8AB53B22774A22900603121 /* Release */,
			);
			defaultConfigurationIsVisible = 0;
			defaultConfigurationName = Release;
		};
		F8AB53B32774A22900603121 /* Build configuration list for PBXNativeTarget "AmbassadorTests" */ = {
			isa = XCConfigurationList;
			buildConfigurations = (
				F8AB53B42774A22900603121 /* Debug */,
				F8AB53B52774A22900603121 /* Release */,
			);
			defaultConfigurationIsVisible = 0;
			defaultConfigurationName = Release;
		};
		F8AB53B62774A22900603121 /* Build configuration list for PBXNativeTarget "AmbassadorUITests" */ = {
			isa = XCConfigurationList;
			buildConfigurations = (
				F8AB53B72774A22900603121 /* Debug */,
				F8AB53B82774A22900603121 /* Release */,
			);
			defaultConfigurationIsVisible = 0;
			defaultConfigurationName = Release;
		};
/* End XCConfigurationList section */

/* Begin XCRemoteSwiftPackageReference section */
		F8967E082779E7BD00893B39 /* XCRemoteSwiftPackageReference "firebase-ios-sdk" */ = {
			isa = XCRemoteSwiftPackageReference;
			repositoryURL = "https://github.com/firebase/firebase-ios-sdk";
			requirement = {
				kind = upToNextMajorVersion;
				minimumVersion = 8.0.0;
			};
		};
/* End XCRemoteSwiftPackageReference section */

/* Begin XCSwiftPackageProductDependency section */
		F8967E092779E7BD00893B39 /* FirebaseAuth */ = {
			isa = XCSwiftPackageProductDependency;
			package = F8967E082779E7BD00893B39 /* XCRemoteSwiftPackageReference "firebase-ios-sdk" */;
			productName = FirebaseAuth;
		};
		F8967E0B2779E7BD00893B39 /* FirebaseFirestore */ = {
			isa = XCSwiftPackageProductDependency;
			package = F8967E082779E7BD00893B39 /* XCRemoteSwiftPackageReference "firebase-ios-sdk" */;
			productName = FirebaseFirestore;
		};
		F8967E0D2779E7BD00893B39 /* FirebaseStorage */ = {
			isa = XCSwiftPackageProductDependency;
			package = F8967E082779E7BD00893B39 /* XCRemoteSwiftPackageReference "firebase-ios-sdk" */;
			productName = FirebaseStorage;
		};
/* End XCSwiftPackageProductDependency section */
	};
	rootObject = F8AB537E2774A22400603121 /* Project object */;
}
